
Microsoft Visual Studio Solution File, Format Version 12.00
# Visual Studio Version 16
VisualStudioVersion = 16.0.31205.134
MinimumVisualStudioVersion = 10.0.40219.1
Project("{FAE04EC0-301F-11D3-BF4B-00C04F79EFBC}") = "TradelineMaster.ServiceClient", "TradelineMaster.ServiceClient\TradelineMaster.ServiceClient.csproj", "{7C4ECE01-8037-488C-8FE2-46D2F120B11B}"
EndProject
Global
	GlobalSection(SolutionConfigurationPlatforms) = preSolution
		Debug|Any CPU = Debug|Any CPU
		Release|Any CPU = Release|Any CPU
	EndGlobalSection
	GlobalSection(ProjectConfigurationPlatforms) = postSolution
		{7C4ECE01-8037-488C-8FE2-46D2F120B11B}.Debug|Any CPU.ActiveCfg = Debug|Any CPU
		{7C4ECE01-8037-488C-8FE2-46D2F120B11B}.Debug|Any CPU.Build.0 = Debug|Any CPU
		{7C4ECE01-8037-488C-8FE2-46D2F120B11B}.Release|Any CPU.ActiveCfg = Release|Any CPU
		{7C4ECE01-8037-488C-8FE2-46D2F120B11B}.Release|Any CPU.Build.0 = Release|Any CPU
	EndGlobalSection
	GlobalSection(SolutionProperties) = preSolution
		HideSolutionNode = FALSE
	EndGlobalSection
	GlobalSection(ExtensibilityGlobals) = postSolution
		SolutionGuid = {6E8BB749-A321-437C-9B53-E17413ADD640}
	EndGlobalSection
EndGlobal
